// !$*UTF8*$!
{
	archiveVersion = 1;
	classes = {
	};
	objectVersion = 51;
	objects = {

/* Begin PBXBuildFile section */
		655B7E742504DCB3005E67A0 /* BlockListViewController.swift in Sources */ = {isa = PBXBuildFile; fileRef = 655B7E722504DCB3005E67A0 /* BlockListViewController.swift */; };
		655B7E752504DCB3005E67A0 /* BlockListViewController.xib in Resources */ = {isa = PBXBuildFile; fileRef = 655B7E732504DCB3005E67A0 /* BlockListViewController.xib */; };
		655B7E782504E445005E67A0 /* BlockTableViewCell.swift in Sources */ = {isa = PBXBuildFile; fileRef = 655B7E762504E445005E67A0 /* BlockTableViewCell.swift */; };
		655B7E792504E445005E67A0 /* BlockTableViewCell.xib in Resources */ = {isa = PBXBuildFile; fileRef = 655B7E772504E445005E67A0 /* BlockTableViewCell.xib */; };
		655B7E7E2504FA80005E67A0 /* UserManager.swift in Sources */ = {isa = PBXBuildFile; fileRef = 655B7E7D2504FA80005E67A0 /* UserManager.swift */; };
		655B7E802506002B005E67A0 /* Contstants.swift in Sources */ = {isa = PBXBuildFile; fileRef = 655B7E7F2506002B005E67A0 /* Contstants.swift */; };
		655B7E8425060120005E67A0 /* CurrentUserBlockList.swift in Sources */ = {isa = PBXBuildFile; fileRef = 655B7E8325060120005E67A0 /* CurrentUserBlockList.swift */; };
		655B7E8625060388005E67A0 /* BlockListManager.swift in Sources */ = {isa = PBXBuildFile; fileRef = 655B7E8525060388005E67A0 /* BlockListManager.swift */; };
		655B7E88250605DD005E67A0 /* CurrentUserBlockListModel.swift in Sources */ = {isa = PBXBuildFile; fileRef = 655B7E87250605DD005E67A0 /* CurrentUserBlockListModel.swift */; };
		655B7E8B2506BEF1005E67A0 /* UserProfile.swift in Sources */ = {isa = PBXBuildFile; fileRef = 655B7E892506BEF1005E67A0 /* UserProfile.swift */; };
		655B7E8C2506BEF1005E67A0 /* UserProfile.xib in Resources */ = {isa = PBXBuildFile; fileRef = 655B7E8A2506BEF1005E67A0 /* UserProfile.xib */; };
		65BCEEDE2504C11D0027005C /* AppDelegate.swift in Sources */ = {isa = PBXBuildFile; fileRef = 65BCEEDD2504C11D0027005C /* AppDelegate.swift */; };
		65BCEEE02504C11D0027005C /* SceneDelegate.swift in Sources */ = {isa = PBXBuildFile; fileRef = 65BCEEDF2504C11D0027005C /* SceneDelegate.swift */; };
		65BCEEE72504C11E0027005C /* Assets.xcassets in Resources */ = {isa = PBXBuildFile; fileRef = 65BCEEE62504C11E0027005C /* Assets.xcassets */; };
		65BCEEEA2504C11E0027005C /* LaunchScreen.storyboard in Resources */ = {isa = PBXBuildFile; fileRef = 65BCEEE82504C11E0027005C /* LaunchScreen.storyboard */; };
		9692C4D38E272E2DE651B290 /* Pods_qasem_xib_example.framework in Frameworks */ = {isa = PBXBuildFile; fileRef = F1A75D89A9DA6C3DA7993D54 /* Pods_qasem_xib_example.framework */; };
/* End PBXBuildFile section */

/* Begin PBXFileReference section */
		48BA028F72A52C937E2DB5A7 /* Pods-qasem_xib-example.debug.xcconfig */ = {isa = PBXFileReference; includeInIndex = 1; lastKnownFileType = text.xcconfig; name = "Pods-qasem_xib-example.debug.xcconfig"; path = "Target Support Files/Pods-qasem_xib-example/Pods-qasem_xib-example.debug.xcconfig"; sourceTree = "<group>"; };
		655B7E722504DCB3005E67A0 /* BlockListViewController.swift */ = {isa = PBXFileReference; lastKnownFileType = sourcecode.swift; path = BlockListViewController.swift; sourceTree = "<group>"; };
		655B7E732504DCB3005E67A0 /* BlockListViewController.xib */ = {isa = PBXFileReference; lastKnownFileType = file.xib; path = BlockListViewController.xib; sourceTree = "<group>"; };
		655B7E762504E445005E67A0 /* BlockTableViewCell.swift */ = {isa = PBXFileReference; lastKnownFileType = sourcecode.swift; path = BlockTableViewCell.swift; sourceTree = "<group>"; };
		655B7E772504E445005E67A0 /* BlockTableViewCell.xib */ = {isa = PBXFileReference; lastKnownFileType = file.xib; path = BlockTableViewCell.xib; sourceTree = "<group>"; };
		655B7E7D2504FA80005E67A0 /* UserManager.swift */ = {isa = PBXFileReference; lastKnownFileType = sourcecode.swift; path = UserManager.swift; sourceTree = "<group>"; };
		655B7E7F2506002B005E67A0 /* Contstants.swift */ = {isa = PBXFileReference; lastKnownFileType = sourcecode.swift; path = Contstants.swift; sourceTree = "<group>"; };
		655B7E8325060120005E67A0 /* CurrentUserBlockList.swift */ = {isa = PBXFileReference; lastKnownFileType = sourcecode.swift; path = CurrentUserBlockList.swift; sourceTree = "<group>"; };
		655B7E8525060388005E67A0 /* BlockListManager.swift */ = {isa = PBXFileReference; lastKnownFileType = sourcecode.swift; path = BlockListManager.swift; sourceTree = "<group>"; };
		655B7E87250605DD005E67A0 /* CurrentUserBlockListModel.swift */ = {isa = PBXFileReference; lastKnownFileType = sourcecode.swift; path = CurrentUserBlockListModel.swift; sourceTree = "<group>"; };
		655B7E892506BEF1005E67A0 /* UserProfile.swift */ = {isa = PBXFileReference; lastKnownFileType = sourcecode.swift; path = UserProfile.swift; sourceTree = "<group>"; };
		655B7E8A2506BEF1005E67A0 /* UserProfile.xib */ = {isa = PBXFileReference; lastKnownFileType = file.xib; path = UserProfile.xib; sourceTree = "<group>"; };
		65BCEEDA2504C11D0027005C /* qasem_xib-example.app */ = {isa = PBXFileReference; explicitFileType = wrapper.application; includeInIndex = 0; path = "qasem_xib-example.app"; sourceTree = BUILT_PRODUCTS_DIR; };
		65BCEEDD2504C11D0027005C /* AppDelegate.swift */ = {isa = PBXFileReference; lastKnownFileType = sourcecode.swift; path = AppDelegate.swift; sourceTree = "<group>"; };
		65BCEEDF2504C11D0027005C /* SceneDelegate.swift */ = {isa = PBXFileReference; lastKnownFileType = sourcecode.swift; path = SceneDelegate.swift; sourceTree = "<group>"; };
		65BCEEE62504C11E0027005C /* Assets.xcassets */ = {isa = PBXFileReference; lastKnownFileType = folder.assetcatalog; path = Assets.xcassets; sourceTree = "<group>"; };
		65BCEEE92504C11E0027005C /* Base */ = {isa = PBXFileReference; lastKnownFileType = file.storyboard; name = Base; path = Base.lproj/LaunchScreen.storyboard; sourceTree = "<group>"; };
		65BCEEEB2504C11E0027005C /* Info.plist */ = {isa = PBXFileReference; lastKnownFileType = text.plist.xml; path = Info.plist; sourceTree = "<group>"; };
		F1A75D89A9DA6C3DA7993D54 /* Pods_qasem_xib_example.framework */ = {isa = PBXFileReference; explicitFileType = wrapper.framework; includeInIndex = 0; path = Pods_qasem_xib_example.framework; sourceTree = BUILT_PRODUCTS_DIR; };
		F2EAD93F05F40B854CB5D8FF /* Pods-qasem_xib-example.release.xcconfig */ = {isa = PBXFileReference; includeInIndex = 1; lastKnownFileType = text.xcconfig; name = "Pods-qasem_xib-example.release.xcconfig"; path = "Target Support Files/Pods-qasem_xib-example/Pods-qasem_xib-example.release.xcconfig"; sourceTree = "<group>"; };
/* End PBXFileReference section */

/* Begin PBXFrameworksBuildPhase section */
		65BCEED72504C11D0027005C /* Frameworks */ = {
			isa = PBXFrameworksBuildPhase;
			buildActionMask = 2147483647;
			files = (
				9692C4D38E272E2DE651B290 /* Pods_qasem_xib_example.framework in Frameworks */,
			);
			runOnlyForDeploymentPostprocessing = 0;
		};
/* End PBXFrameworksBuildPhase section */

/* Begin PBXGroup section */
		655B7E712504DC3A005E67A0 /* blockList */ = {
			isa = PBXGroup;
			children = (
				655B7E82250600B9005E67A0 /* View */,
				655B7E81250600A5005E67A0 /* Controller */,
				655B7E7C2504FA61005E67A0 /* Model */,
			);
			path = blockList;
			sourceTree = "<group>";
		};
		655B7E7C2504FA61005E67A0 /* Model */ = {
			isa = PBXGroup;
			children = (
				655B7E7D2504FA80005E67A0 /* UserManager.swift */,
				655B7E7F2506002B005E67A0 /* Contstants.swift */,
				655B7E8325060120005E67A0 /* CurrentUserBlockList.swift */,
				655B7E8525060388005E67A0 /* BlockListManager.swift */,
				655B7E87250605DD005E67A0 /* CurrentUserBlockListModel.swift */,
			);
			path = Model;
			sourceTree = "<group>";
		};
		655B7E81250600A5005E67A0 /* Controller */ = {
			isa = PBXGroup;
			children = (
				655B7E722504DCB3005E67A0 /* BlockListViewController.swift */,
				655B7E762504E445005E67A0 /* BlockTableViewCell.swift */,
				655B7E892506BEF1005E67A0 /* UserProfile.swift */,
			);
			path = Controller;
			sourceTree = "<group>";
		};
		655B7E82250600B9005E67A0 /* View */ = {
			isa = PBXGroup;
			children = (
				655B7E732504DCB3005E67A0 /* BlockListViewController.xib */,
				655B7E772504E445005E67A0 /* BlockTableViewCell.xib */,
				655B7E8A2506BEF1005E67A0 /* UserProfile.xib */,
			);
			path = View;
			sourceTree = "<group>";
		};
		65BCEED12504C11D0027005C = {
			isa = PBXGroup;
			children = (
				65BCEEDC2504C11D0027005C /* qasem_xib-example */,
				65BCEEDB2504C11D0027005C /* Products */,
				B086F94CE28E0B501B03AA9A /* Pods */,
				FED6F0A304524CCA7ECA6A59 /* Frameworks */,
			);
			sourceTree = "<group>";
		};
		65BCEEDB2504C11D0027005C /* Products */ = {
			isa = PBXGroup;
			children = (
				65BCEEDA2504C11D0027005C /* qasem_xib-example.app */,
			);
			name = Products;
			sourceTree = "<group>";
		};
		65BCEEDC2504C11D0027005C /* qasem_xib-example */ = {
			isa = PBXGroup;
			children = (
				655B7E712504DC3A005E67A0 /* blockList */,
				65BCEEDD2504C11D0027005C /* AppDelegate.swift */,
				65BCEEDF2504C11D0027005C /* SceneDelegate.swift */,
				65BCEEE62504C11E0027005C /* Assets.xcassets */,
				65BCEEE82504C11E0027005C /* LaunchScreen.storyboard */,
				65BCEEEB2504C11E0027005C /* Info.plist */,
			);
			path = "qasem_xib-example";
			sourceTree = "<group>";
		};
		B086F94CE28E0B501B03AA9A /* Pods */ = {
			isa = PBXGroup;
			children = (
				48BA028F72A52C937E2DB5A7 /* Pods-qasem_xib-example.debug.xcconfig */,
				F2EAD93F05F40B854CB5D8FF /* Pods-qasem_xib-example.release.xcconfig */,
			);
			path = Pods;
			sourceTree = "<group>";
		};
		FED6F0A304524CCA7ECA6A59 /* Frameworks */ = {
			isa = PBXGroup;
			children = (
				F1A75D89A9DA6C3DA7993D54 /* Pods_qasem_xib_example.framework */,
			);
			name = Frameworks;
			sourceTree = "<group>";
		};
/* End PBXGroup section */

/* Begin PBXNativeTarget section */
		65BCEED92504C11D0027005C /* qasem_xib-example */ = {
			isa = PBXNativeTarget;
			buildConfigurationList = 65BCEEEE2504C11E0027005C /* Build configuration list for PBXNativeTarget "qasem_xib-example" */;
			buildPhases = (
				4EB61F041BC05A8A9E4ADA44 /* [CP] Check Pods Manifest.lock */,
				65BCEED62504C11D0027005C /* Sources */,
				65BCEED72504C11D0027005C /* Frameworks */,
				65BCEED82504C11D0027005C /* Resources */,
				52FD6B7BDEAA5933174DB725 /* [CP] Embed Pods Frameworks */,
			);
			buildRules = (
			);
			dependencies = (
			);
			name = "qasem_xib-example";
			productName = "qasem_xib-example";
			productReference = 65BCEEDA2504C11D0027005C /* qasem_xib-example.app */;
			productType = "com.apple.product-type.application";
		};
/* End PBXNativeTarget section */

/* Begin PBXProject section */
		65BCEED22504C11D0027005C /* Project object */ = {
			isa = PBXProject;
			attributes = {
				LastSwiftUpdateCheck = 1170;
				LastUpgradeCheck = 1170;
				ORGANIZATIONNAME = "Qasem Zreaq";
				TargetAttributes = {
					65BCEED92504C11D0027005C = {
						CreatedOnToolsVersion = 11.7;
					};
				};
			};
			buildConfigurationList = 65BCEED52504C11D0027005C /* Build configuration list for PBXProject "qasem_xib-example" */;
			compatibilityVersion = "Xcode 9.3";
			developmentRegion = en;
			hasScannedForEncodings = 0;
			knownRegions = (
				en,
				Base,
			);
			mainGroup = 65BCEED12504C11D0027005C;
			productRefGroup = 65BCEEDB2504C11D0027005C /* Products */;
			projectDirPath = "";
			projectRoot = "";
			targets = (
				65BCEED92504C11D0027005C /* qasem_xib-example */,
			);
		};
/* End PBXProject section */

/* Begin PBXResourcesBuildPhase section */
		65BCEED82504C11D0027005C /* Resources */ = {
			isa = PBXResourcesBuildPhase;
			buildActionMask = 2147483647;
			files = (
				65BCEEEA2504C11E0027005C /* LaunchScreen.storyboard in Resources */,
				655B7E792504E445005E67A0 /* BlockTableViewCell.xib in Resources */,
				65BCEEE72504C11E0027005C /* Assets.xcassets in Resources */,
				655B7E752504DCB3005E67A0 /* BlockListViewController.xib in Resources */,
				655B7E8C2506BEF1005E67A0 /* UserProfile.xib in Resources */,
			);
			runOnlyForDeploymentPostprocessing = 0;
		};
/* End PBXResourcesBuildPhase section */

/* Begin PBXShellScriptBuildPhase section */
		4EB61F041BC05A8A9E4ADA44 /* [CP] Check Pods Manifest.lock */ = {
			isa = PBXShellScriptBuildPhase;
			buildActionMask = 2147483647;
			files = (
			);
			inputFileListPaths = (
			);
			inputPaths = (
				"${PODS_PODFILE_DIR_PATH}/Podfile.lock",
				"${PODS_ROOT}/Manifest.lock",
			);
			name = "[CP] Check Pods Manifest.lock";
			outputFileListPaths = (
			);
			outputPaths = (
				"$(DERIVED_FILE_DIR)/Pods-qasem_xib-example-checkManifestLockResult.txt",
			);
			runOnlyForDeploymentPostprocessing = 0;
			shellPath = /bin/sh;
			shellScript = "diff \"${PODS_PODFILE_DIR_PATH}/Podfile.lock\" \"${PODS_ROOT}/Manifest.lock\" > /dev/null\nif [ $? != 0 ] ; then\n    # print error to STDERR\n    echo \"error: The sandbox is not in sync with the Podfile.lock. Run 'pod install' or update your CocoaPods installation.\" >&2\n    exit 1\nfi\n# This output is used by Xcode 'outputs' to avoid re-running this script phase.\necho \"SUCCESS\" > \"${SCRIPT_OUTPUT_FILE_0}\"\n";
			showEnvVarsInLog = 0;
		};
		52FD6B7BDEAA5933174DB725 /* [CP] Embed Pods Frameworks */ = {
			isa = PBXShellScriptBuildPhase;
			buildActionMask = 2147483647;
			files = (
			);
			inputFileListPaths = (
				"${PODS_ROOT}/Target Support Files/Pods-qasem_xib-example/Pods-qasem_xib-example-frameworks-${CONFIGURATION}-input-files.xcfilelist",
			);
			name = "[CP] Embed Pods Frameworks";
			outputFileListPaths = (
				"${PODS_ROOT}/Target Support Files/Pods-qasem_xib-example/Pods-qasem_xib-example-frameworks-${CONFIGURATION}-output-files.xcfilelist",
			);
			runOnlyForDeploymentPostprocessing = 0;
			shellPath = /bin/sh;
			shellScript = "\"${PODS_ROOT}/Target Support Files/Pods-qasem_xib-example/Pods-qasem_xib-example-frameworks.sh\"\n";
			showEnvVarsInLog = 0;
		};
/* End PBXShellScriptBuildPhase section */

/* Begin PBXSourcesBuildPhase section */
		65BCEED62504C11D0027005C /* Sources */ = {
			isa = PBXSourcesBuildPhase;
			buildActionMask = 2147483647;
			files = (
				65BCEEDE2504C11D0027005C /* AppDelegate.swift in Sources */,
				655B7E88250605DD005E67A0 /* CurrentUserBlockListModel.swift in Sources */,
				655B7E8B2506BEF1005E67A0 /* UserProfile.swift in Sources */,
				655B7E782504E445005E67A0 /* BlockTableViewCell.swift in Sources */,
				655B7E742504DCB3005E67A0 /* BlockListViewController.swift in Sources */,
				655B7E8625060388005E67A0 /* BlockListManager.swift in Sources */,
				655B7E8425060120005E67A0 /* CurrentUserBlockList.swift in Sources */,
				655B7E7E2504FA80005E67A0 /* UserManager.swift in Sources */,
				655B7E802506002B005E67A0 /* Contstants.swift in Sources */,
				65BCEEE02504C11D0027005C /* SceneDelegate.swift in Sources */,
			);
			runOnlyForDeploymentPostprocessing = 0;
		};
/* End PBXSourcesBuildPhase section */

/* Begin PBXVariantGroup section */
		65BCEEE82504C11E0027005C /* LaunchScreen.storyboard */ = {
			isa = PBXVariantGroup;
			children = (
				65BCEEE92504C11E0027005C /* Base */,
			);
			name = LaunchScreen.storyboard;
			sourceTree = "<group>";
		};
/* End PBXVariantGroup section */

/* Begin XCBuildConfiguration section */
		65BCEEEC2504C11E0027005C /* Debug */ = {
			isa = XCBuildConfiguration;
			buildSettings = {
				ALWAYS_SEARCH_USER_PATHS = NO;
				CLANG_ANALYZER_NONNULL = YES;
				CLANG_ANALYZER_NUMBER_OBJECT_CONVERSION = YES_AGGRESSIVE;
				CLANG_CXX_LANGUAGE_STANDARD = "gnu++14";
				CLANG_CXX_LIBRARY = "libc++";
				CLANG_ENABLE_MODULES = YES;
				CLANG_ENABLE_OBJC_ARC = YES;
				CLANG_ENABLE_OBJC_WEAK = YES;
				CLANG_WARN_BLOCK_CAPTURE_AUTORELEASING = YES;
				CLANG_WARN_BOOL_CONVERSION = YES;
				CLANG_WARN_COMMA = YES;
				CLANG_WARN_CONSTANT_CONVERSION = YES;
				CLANG_WARN_DEPRECATED_OBJC_IMPLEMENTATIONS = YES;
				CLANG_WARN_DIRECT_OBJC_ISA_USAGE = YES_ERROR;
				CLANG_WARN_DOCUMENTATION_COMMENTS = YES;
				CLANG_WARN_EMPTY_BODY = YES;
				CLANG_WARN_ENUM_CONVERSION = YES;
				CLANG_WARN_INFINITE_RECURSION = YES;
				CLANG_WARN_INT_CONVERSION = YES;
				CLANG_WARN_NON_LITERAL_NULL_CONVERSION = YES;
				CLANG_WARN_OBJC_IMPLICIT_RETAIN_SELF = YES;
				CLANG_WARN_OBJC_LITERAL_CONVERSION = YES;
				CLANG_WARN_OBJC_ROOT_CLASS = YES_ERROR;
				CLANG_WARN_RANGE_LOOP_ANALYSIS = YES;
				CLANG_WARN_STRICT_PROTOTYPES = YES;
				CLANG_WARN_SUSPICIOUS_MOVE = YES;
				CLANG_WARN_UNGUARDED_AVAILABILITY = YES_AGGRESSIVE;
				CLANG_WARN_UNREACHABLE_CODE = YES;
				CLANG_WARN__DUPLICATE_METHOD_MATCH = YES;
				COPY_PHASE_STRIP = NO;
				DEBUG_INFORMATION_FORMAT = dwarf;
				ENABLE_STRICT_OBJC_MSGSEND = YES;
				ENABLE_TESTABILITY = YES;
				GCC_C_LANGUAGE_STANDARD = gnu11;
				GCC_DYNAMIC_NO_PIC = NO;
				GCC_NO_COMMON_BLOCKS = YES;
				GCC_OPTIMIZATION_LEVEL = 0;
				GCC_PREPROCESSOR_DEFINITIONS = (
					"DEBUG=1",
					"$(inherited)",
				);
				GCC_WARN_64_TO_32_BIT_CONVERSION = YES;
				GCC_WARN_ABOUT_RETURN_TYPE = YES_ERROR;
				GCC_WARN_UNDECLARED_SELECTOR = YES;
				GCC_WARN_UNINITIALIZED_AUTOS = YES_AGGRESSIVE;
				GCC_WARN_UNUSED_FUNCTION = YES;
				GCC_WARN_UNUSED_VARIABLE = YES;
				IPHONEOS_DEPLOYMENT_TARGET = 13.0;
				MTL_ENABLE_DEBUG_INFO = INCLUDE_SOURCE;
				MTL_FAST_MATH = YES;
				ONLY_ACTIVE_ARCH = YES;
				SDKROOT = iphoneos;
				SWIFT_ACTIVE_COMPILATION_CONDITIONS = DEBUG;
				SWIFT_OPTIMIZATION_LEVEL = "-Onone";
			};
			name = Debug;
		};
		65BCEEED2504C11E0027005C /* Release */ = {
			isa = XCBuildConfiguration;
			buildSettings = {
				ALWAYS_SEARCH_USER_PATHS = NO;
				CLANG_ANALYZER_NONNULL = YES;
				CLANG_ANALYZER_NUMBER_OBJECT_CONVERSION = YES_AGGRESSIVE;
				CLANG_CXX_LANGUAGE_STANDARD = "gnu++14";
				CLANG_CXX_LIBRARY = "libc++";
				CLANG_ENABLE_MODULES = YES;
				CLANG_ENABLE_OBJC_ARC = YES;
				CLANG_ENABLE_OBJC_WEAK = YES;
				CLANG_WARN_BLOCK_CAPTURE_AUTORELEASING = YES;
				CLANG_WARN_BOOL_CONVERSION = YES;
				CLANG_WARN_COMMA = YES;
				CLANG_WARN_CONSTANT_CONVERSION = YES;
				CLANG_WARN_DEPRECATED_OBJC_IMPLEMENTATIONS = YES;
				CLANG_WARN_DIRECT_OBJC_ISA_USAGE = YES_ERROR;
				CLANG_WARN_DOCUMENTATION_COMMENTS = YES;
				CLANG_WARN_EMPTY_BODY = YES;
				CLANG_WARN_ENUM_CONVERSION = YES;
				CLANG_WARN_INFINITE_RECURSION = YES;
				CLANG_WARN_INT_CONVERSION = YES;
				CLANG_WARN_NON_LITERAL_NULL_CONVERSION = YES;
				CLANG_WARN_OBJC_IMPLICIT_RETAIN_SELF = YES;
				CLANG_WARN_OBJC_LITERAL_CONVERSION = YES;
				CLANG_WARN_OBJC_ROOT_CLASS = YES_ERROR;
				CLANG_WARN_RANGE_LOOP_ANALYSIS = YES;
				CLANG_WARN_STRICT_PROTOTYPES = YES;
				CLANG_WARN_SUSPICIOUS_MOVE = YES;
				CLANG_WARN_UNGUARDED_AVAILABILITY = YES_AGGRESSIVE;
				CLANG_WARN_UNREACHABLE_CODE = YES;
				CLANG_WARN__DUPLICATE_METHOD_MATCH = YES;
				COPY_PHASE_STRIP = NO;
				DEBUG_INFORMATION_FORMAT = "dwarf-with-dsym";
				ENABLE_NS_ASSERTIONS = NO;
				ENABLE_STRICT_OBJC_MSGSEND = YES;
				GCC_C_LANGUAGE_STANDARD = gnu11;
				GCC_NO_COMMON_BLOCKS = YES;
				GCC_WARN_64_TO_32_BIT_CONVERSION = YES;
				GCC_WARN_ABOUT_RETURN_TYPE = YES_ERROR;
				GCC_WARN_UNDECLARED_SELECTOR = YES;
				GCC_WARN_UNINITIALIZED_AUTOS = YES_AGGRESSIVE;
				GCC_WARN_UNUSED_FUNCTION = YES;
				GCC_WARN_UNUSED_VARIABLE = YES;
				IPHONEOS_DEPLOYMENT_TARGET = 13.0;
				MTL_ENABLE_DEBUG_INFO = NO;
				MTL_FAST_MATH = YES;
				SDKROOT = iphoneos;
				SWIFT_COMPILATION_MODE = wholemodule;
				SWIFT_OPTIMIZATION_LEVEL = "-O";
				VALIDATE_PRODUCT = YES;
			};
			name = Release;
		};
		65BCEEEF2504C11E0027005C /* Debug */ = {
			isa = XCBuildConfiguration;
			baseConfigurationReference = 48BA028F72A52C937E2DB5A7 /* Pods-qasem_xib-example.debug.xcconfig */;
			buildSettings = {
				ASSETCATALOG_COMPILER_APPICON_NAME = AppIcon;
				CODE_SIGN_IDENTITY = "Apple Development";
				CODE_SIGN_STYLE = Automatic;
				DEVELOPMENT_TEAM = LFJP38VF5Y;
				INFOPLIST_FILE = "qasem_xib-example/Info.plist";
				IPHONEOS_DEPLOYMENT_TARGET = 13.0;
				LD_RUNPATH_SEARCH_PATHS = (
					"$(inherited)",
					"@executable_path/Frameworks",
				);
				PRODUCT_BUNDLE_IDENTIFIER = "com.qasem.qasem-xib-example";
				PRODUCT_NAME = "$(TARGET_NAME)";
				PROVISIONING_PROFILE_SPECIFIER = "";
				SWIFT_VERSION = 5.0;
				TARGETED_DEVICE_FAMILY = "1,2";
			};
			name = Debug;
		};
		65BCEEF02504C11E0027005C /* Release */ = {
			isa = XCBuildConfiguration;
			baseConfigurationReference = F2EAD93F05F40B854CB5D8FF /* Pods-qasem_xib-example.release.xcconfig */;
			buildSettings = {
				ASSETCATALOG_COMPILER_APPICON_NAME = AppIcon;
				CODE_SIGN_IDENTITY = "Apple Development";
				CODE_SIGN_STYLE = Automatic;
				DEVELOPMENT_TEAM = LFJP38VF5Y;
				INFOPLIST_FILE = "qasem_xib-example/Info.plist";
				IPHONEOS_DEPLOYMENT_TARGET = 13.0;
				LD_RUNPATH_SEARCH_PATHS = (
					"$(inherited)",
					"@executable_path/Frameworks",
				);
				PRODUCT_BUNDLE_IDENTIFIER = "com.qasem.qasem-xib-example";
				PRODUCT_NAME = "$(TARGET_NAME)";
				PROVISIONING_PROFILE_SPECIFIER = "";
				SWIFT_VERSION = 5.0;
				TARGETED_DEVICE_FAMILY = "1,2";
			};
			name = Release;
		};
/* End XCBuildConfiguration section */

/* Begin XCConfigurationList section */
		65BCEED52504C11D0027005C /* Build configuration list for PBXProject "qasem_xib-example" */ = {
			isa = XCConfigurationList;
			buildConfigurations = (
				65BCEEEC2504C11E0027005C /* Debug */,
				65BCEEED2504C11E0027005C /* Release */,
			);
			defaultConfigurationIsVisible = 0;
			defaultConfigurationName = Release;
		};
		65BCEEEE2504C11E0027005C /* Build configuration list for PBXNativeTarget "qasem_xib-example" */ = {
			isa = XCConfigurationList;
			buildConfigurations = (
				65BCEEEF2504C11E0027005C /* Debug */,
				65BCEEF02504C11E0027005C /* Release */,
			);
			defaultConfigurationIsVisible = 0;
			defaultConfigurationName = Release;
		};
/* End XCConfigurationList section */
	};
	rootObject = 65BCEED22504C11D0027005C /* Project object */;
}
